{
  "nodes": {
    "devenv": {
      "locked": {
        "dir": "src/modules",
        "lastModified": 1711535042,
        "owner": "cachix",
        "repo": "devenv",
        "rev": "ad5a82f493f016bf4e82fae481b374d943be9560",
        "treeHash": "cfe8b87fe10c2845564db2c8173a2f4f3468c503",
        "type": "github"
      },
      "original": {
        "dir": "src/modules",
        "owner": "cachix",
        "repo": "devenv",
        "type": "github"
      }
    },
    "flake-compat": {
      "flake": false,
      "locked": {
        "lastModified": 1696426674,
        "owner": "edolstra",
        "repo": "flake-compat",
        "rev": "0f9255e01c2351cc7d116c072cb317785dd33b33",
        "treeHash": "2addb7b71a20a25ea74feeaf5c2f6a6b30898ecb",
        "type": "github"
      },
      "original": {
        "owner": "edolstra",
        "repo": "flake-compat",
        "type": "github"
      }
    },
    "flake-parts": {
      "inputs": {
        "nixpkgs-lib": "nixpkgs-lib"
      },
      "locked": {
        "lastModified": 1709336216,
        "owner": "hercules-ci",
        "repo": "flake-parts",
        "rev": "f7b3c975cf067e56e7cda6cb098ebe3fb4d74ca2",
        "treeHash": "716c92c247cf33e4bbf3d4405f2e6b1205f1442b",
        "type": "github"
      },
      "original": {
        "owner": "hercules-ci",
        "repo": "flake-parts",
        "type": "github"
      }
    },
    "flake-utils": {
      "inputs": {
        "systems": "systems_2"
      },
      "locked": {
        "lastModified": 1710146030,
        "owner": "numtide",
        "repo": "flake-utils",
        "rev": "b1d9ab70662946ef0850d488da1c9019f3a9752a",
        "treeHash": "bd263f021e345cb4a39d80c126ab650bebc3c10c",
        "type": "github"
      },
      "original": {
        "owner": "numtide",
        "repo": "flake-utils",
        "type": "github"
      }
    },
    "gitignore": {
      "inputs": {
        "nixpkgs": [
          "pre-commit-hooks",
          "nixpkgs"
        ]
      },
      "locked": {
        "lastModified": 1709087332,
        "owner": "hercules-ci",
        "repo": "gitignore.nix",
        "rev": "637db329424fd7e46cf4185293b9cc8c88c95394",
        "treeHash": "ca14199cabdfe1a06a7b1654c76ed49100a689f9",
        "type": "github"
      },
      "original": {
        "owner": "hercules-ci",
        "repo": "gitignore.nix",
        "type": "github"
      }
    },
    "nixpkgs": {
      "locked": {
        "lastModified": 1710796454,
        "owner": "cachix",
        "repo": "devenv-nixpkgs",
        "rev": "06fb0f1c643aee3ae6838dda3b37ef0abc3c763b",
        "treeHash": "9bb13f7f39e825a5d91bbe4139fbc129243b907d",
        "type": "github"
      },
      "original": {
        "owner": "cachix",
        "ref": "rolling",
        "repo": "devenv-nixpkgs",
        "type": "github"
      }
    },
    "nixpkgs-lib": {
      "locked": {
        "dir": "lib",
        "lastModified": 1711523803,
        "owner": "NixOS",
        "repo": "nixpkgs",
        "rev": "2726f127c15a4cc9810843b96cad73c7eb39e443",
        "treeHash": "a9543718a48702da533fd56b1350f781e7aa4d04",
        "type": "github"
      },
      "original": {
        "dir": "lib",
        "owner": "NixOS",
        "ref": "nixos-unstable",
        "repo": "nixpkgs",
        "type": "github"
      }
    },
    "nixpkgs-stable": {
      "locked": {
        "lastModified": 1711460390,
        "owner": "NixOS",
        "repo": "nixpkgs",
        "rev": "44733514b72e732bd49f5511bd0203dea9b9a434",
        "treeHash": "a03d49d1911393f826947436cb9dab95da8ab9c1",
        "type": "github"
      },
      "original": {
        "owner": "NixOS",
        "ref": "nixos-23.11",
        "repo": "nixpkgs",
        "type": "github"
      }
    },
    "nixpkgs-terraform": {
      "inputs": {
        "flake-parts": "flake-parts",
        "nixpkgs": "nixpkgs_2",
        "nixpkgs-unstable": "nixpkgs-unstable",
        "systems": "systems"
      },
      "locked": {
        "lastModified": 1711545593,
        "owner": "stackbuilders",
        "repo": "nixpkgs-terraform",
        "rev": "1002509dd41e811c90f90154d952a0cb57d76f7c",
        "treeHash": "3f557cebe07aecab91bdaaccb6104e51cb0fddb0",
        "type": "github"
      },
      "original": {
        "owner": "stackbuilders",
        "repo": "nixpkgs-terraform",
        "type": "github"
      }
    },
    "nixpkgs-unstable": {
      "locked": {
        "lastModified": 1711593151,
        "owner": "nixos",
        "repo": "nixpkgs",
        "rev": "bb2b73df7bcfbd2dd55ff39b944d70547d53c267",
        "treeHash": "caa055dc10ea7474cfad3bce4bcb97821264dbf5",
        "type": "github"
      },
      "original": {
        "owner": "nixos",
        "ref": "nixpkgs-unstable",
        "repo": "nixpkgs",
        "type": "github"
      }
    },
    "nixpkgs_2": {
      "locked": {
        "lastModified": 1704290814,
        "owner": "nixos",
        "repo": "nixpkgs",
        "rev": "70bdadeb94ffc8806c0570eb5c2695ad29f0e421",
        "treeHash": "a0ee02eceb71106d608605419182d174044030d9",
        "type": "github"
      },
      "original": {
        "owner": "nixos",
        "ref": "nixos-23.05",
        "repo": "nixpkgs",
        "type": "github"
      }
    },
    "nixpkgs_3": {
      "locked": {
        "lastModified": 1711593151,
        "owner": "NixOS",
        "repo": "nixpkgs",
        "rev": "bb2b73df7bcfbd2dd55ff39b944d70547d53c267",
        "treeHash": "caa055dc10ea7474cfad3bce4bcb97821264dbf5",
        "type": "github"
      },
      "original": {
        "owner": "NixOS",
        "ref": "nixpkgs-unstable",
        "repo": "nixpkgs",
        "type": "github"
      }
    },
    "pre-commit-hooks": {
      "inputs": {
        "flake-compat": "flake-compat",
        "flake-utils": "flake-utils",
        "gitignore": "gitignore",
        "nixpkgs": "nixpkgs_3",
        "nixpkgs-stable": "nixpkgs-stable"
      },
      "locked": {
        "lastModified": 1711634866,
        "owner": "sestrella",
        "repo": "pre-commit-hooks.nix",
        "rev": "0978932fb89805ac0b62a089f72f6b8fcdba1c37",
        "treeHash": "838c01b7d53250b81eb5509ed409427ad487f3ca",
        "type": "github"
      },
      "original": {
        "owner": "sestrella",
        "ref": "terraform_and_opentofu_format",
        "repo": "pre-commit-hooks.nix",
        "type": "github"
      }
    },
    "root": {
      "inputs": {
        "devenv": "devenv",
        "nixpkgs": "nixpkgs",
        "nixpkgs-terraform": "nixpkgs-terraform",
        "pre-commit-hooks": "pre-commit-hooks"
      }
    },
    "systems": {
      "locked": {
        "lastModified": 1681028828,
        "owner": "nix-systems",
        "repo": "default",
        "rev": "da67096a3b9bf56a91d16901293e51ba5b49a27e",
        "treeHash": "cce81f2a0f0743b2eb61bc2eb6c7adbe2f2c6beb",
        "type": "github"
      },
      "original": {
        "owner": "nix-systems",
        "repo": "default",
        "type": "github"
      }
    },
    "systems_2": {
      "locked": {
        "lastModified": 1681028828,
        "owner": "nix-systems",
        "repo": "default",
        "rev": "da67096a3b9bf56a91d16901293e51ba5b49a27e",
        "treeHash": "cce81f2a0f0743b2eb61bc2eb6c7adbe2f2c6beb",
        "type": "github"
      },
      "original": {
        "owner": "nix-systems",
        "repo": "default",
        "type": "github"
      }
    }
  },
  "root": "root",
  "version": 7
}
